
Microsoft Visual Studio Solution File, Format Version 12.00
# Visual Studio Version 17
VisualStudioVersion = 17.9.34728.123
MinimumVisualStudioVersion = 10.0.40219.1
Project("{FAE04EC0-301F-11D3-BF4B-00C04F79EFBC}") = "Logical_operators_rendom-generator", "Logical_operators_rendom-generator\Logical_operators_rendom-generator.csproj", "{0CBA212B-BB18-45B8-8EA7-CAC3FC382308}"
EndProject
Global
	GlobalSection(SolutionConfigurationPlatforms) = preSolution
		Debug|Any CPU = Debug|Any CPU
		Release|Any CPU = Release|Any CPU
	EndGlobalSection
	GlobalSection(ProjectConfigurationPlatforms) = postSolution
		{0CBA212B-BB18-45B8-8EA7-CAC3FC382308}.Debug|Any CPU.ActiveCfg = Debug|Any CPU
		{0CBA212B-BB18-45B8-8EA7-CAC3FC382308}.Debug|Any CPU.Build.0 = Debug|Any CPU
		{0CBA212B-BB18-45B8-8EA7-CAC3FC382308}.Release|Any CPU.ActiveCfg = Release|Any CPU
		{0CBA212B-BB18-45B8-8EA7-CAC3FC382308}.Release|Any CPU.Build.0 = Release|Any CPU
	EndGlobalSection
	GlobalSection(SolutionProperties) = preSolution
		HideSolutionNode = FALSE
	EndGlobalSection
	GlobalSection(ExtensibilityGlobals) = postSolution
		SolutionGuid = {6A66ED72-72C2-40EE-80E5-727208B66708}
	EndGlobalSection
EndGlobal
